
Microsoft Visual Studio Solution File, Format Version 12.00
# Visual Studio Version 17
VisualStudioVersion = 17.1.32421.90
MinimumVisualStudioVersion = 10.0.40219.1
Project("{FAE04EC0-301F-11D3-BF4B-00C04F79EFBC}") = "RazorPagesMovie", "RazorPagesMovie\RazorPagesMovie.csproj", "{58272F44-C913-4363-8837-EA6F7C370DCF}"
EndProject
Global
	GlobalSection(SolutionConfigurationPlatforms) = preSolution
		Debug|Any CPU = Debug|Any CPU
		Release|Any CPU = Release|Any CPU
	EndGlobalSection
	GlobalSection(ProjectConfigurationPlatforms) = postSolution
		{58272F44-C913-4363-8837-EA6F7C370DCF}.Debug|Any CPU.ActiveCfg = Debug|Any CPU
		{58272F44-C913-4363-8837-EA6F7C370DCF}.Debug|Any CPU.Build.0 = Debug|Any CPU
		{58272F44-C913-4363-8837-EA6F7C370DCF}.Release|Any CPU.ActiveCfg = Release|Any CPU
		{58272F44-C913-4363-8837-EA6F7C370DCF}.Release|Any CPU.Build.0 = Release|Any CPU
	EndGlobalSection
	GlobalSection(SolutionProperties) = preSolution
		HideSolutionNode = FALSE
	EndGlobalSection
	GlobalSection(ExtensibilityGlobals) = postSolution
		SolutionGuid = {0385E2DE-2DC1-4CF0-A4DF-81B749E988A6}
	EndGlobalSection
EndGlobal
